
Microsoft Visual Studio Solution File, Format Version 12.00
# Visual Studio Version 17
VisualStudioVersion = 17.9.34728.123
MinimumVisualStudioVersion = 10.0.40219.1
Project("{9A19103F-16F7-4668-BE54-9A1E7A4F7556}") = "TelegramBotC#", "TelegramBotC#.csproj", "{D7A61A70-DD15-4DC5-A4C2-A5D9C575F014}"
EndProject
Project("{FAE04EC0-301F-11D3-BF4B-00C04F79EFBC}") = "TelegramUser.Tests", "..\TelegramUser.Tests\TelegramUser.Tests.csproj", "{EE4A55ED-DE09-4DAA-BFE1-8B861E99AEBD}"
EndProject
Global
	GlobalSection(SolutionConfigurationPlatforms) = preSolution
		Debug|Any CPU = Debug|Any CPU
		Release|Any CPU = Release|Any CPU
	EndGlobalSection
	GlobalSection(ProjectConfigurationPlatforms) = postSolution
		{D7A61A70-DD15-4DC5-A4C2-A5D9C575F014}.Debug|Any CPU.ActiveCfg = Debug|Any CPU
		{D7A61A70-DD15-4DC5-A4C2-A5D9C575F014}.Debug|Any CPU.Build.0 = Debug|Any CPU
		{D7A61A70-DD15-4DC5-A4C2-A5D9C575F014}.Release|Any CPU.ActiveCfg = Release|Any CPU
		{D7A61A70-DD15-4DC5-A4C2-A5D9C575F014}.Release|Any CPU.Build.0 = Release|Any CPU
		{EE4A55ED-DE09-4DAA-BFE1-8B861E99AEBD}.Debug|Any CPU.ActiveCfg = Debug|Any CPU
		{EE4A55ED-DE09-4DAA-BFE1-8B861E99AEBD}.Debug|Any CPU.Build.0 = Debug|Any CPU
		{EE4A55ED-DE09-4DAA-BFE1-8B861E99AEBD}.Release|Any CPU.ActiveCfg = Release|Any CPU
		{EE4A55ED-DE09-4DAA-BFE1-8B861E99AEBD}.Release|Any CPU.Build.0 = Release|Any CPU
	EndGlobalSection
	GlobalSection(SolutionProperties) = preSolution
		HideSolutionNode = FALSE
	EndGlobalSection
	GlobalSection(ExtensibilityGlobals) = postSolution
		SolutionGuid = {8F7F8D4F-510F-4BA2-9E9A-884B23C7E560}
	EndGlobalSection
EndGlobal
